
Microsoft Visual Studio Solution File, Format Version 12.00
# Visual Studio Version 16
VisualStudioVersion = 16.0.32228.343
MinimumVisualStudioVersion = 10.0.40219.1
Project("{FAE04EC0-301F-11D3-BF4B-00C04F79EFBC}") = "TFY", "TFY\TFY.csproj", "{CCC188A6-3F48-4D17-9276-D46196C06C04}"
EndProject
Global
	GlobalSection(SolutionConfigurationPlatforms) = preSolution
		Debug|Any CPU = Debug|Any CPU
		Release|Any CPU = Release|Any CPU
	EndGlobalSection
	GlobalSection(ProjectConfigurationPlatforms) = postSolution
		{CCC188A6-3F48-4D17-9276-D46196C06C04}.Debug|Any CPU.ActiveCfg = Debug|Any CPU
		{CCC188A6-3F48-4D17-9276-D46196C06C04}.Debug|Any CPU.Build.0 = Debug|Any CPU
		{CCC188A6-3F48-4D17-9276-D46196C06C04}.Release|Any CPU.ActiveCfg = Release|Any CPU
		{CCC188A6-3F48-4D17-9276-D46196C06C04}.Release|Any CPU.Build.0 = Release|Any CPU
	EndGlobalSection
	GlobalSection(SolutionProperties) = preSolution
		HideSolutionNode = FALSE
	EndGlobalSection
	GlobalSection(ExtensibilityGlobals) = postSolution
		SolutionGuid = {E826E13A-5AF7-4F80-A939-30D87309B4CC}
	EndGlobalSection
EndGlobal
